
Microsoft Visual Studio Solution File, Format Version 12.00
# Visual Studio 15
VisualStudioVersion = 15.0.27004.2010
MinimumVisualStudioVersion = 10.0.40219.1
Project("{8BC9CEB8-8B4A-11D0-8D11-00A0C91BC942}") = "Gray", "Gray\Gray.vcxproj", "{3B4E41BE-3030-4A46-88C7-0D53AD7DBCBC}"
EndProject
Global
	GlobalSection(SolutionConfigurationPlatforms) = preSolution
		Debug|x64 = Debug|x64
		Debug|x86 = Debug|x86
		Release|x64 = Release|x64
		Release|x86 = Release|x86
	EndGlobalSection
	GlobalSection(ProjectConfigurationPlatforms) = postSolution
		{3B4E41BE-3030-4A46-88C7-0D53AD7DBCBC}.Debug|x64.ActiveCfg = Debug|x64
		{3B4E41BE-3030-4A46-88C7-0D53AD7DBCBC}.Debug|x64.Build.0 = Debug|x64
		{3B4E41BE-3030-4A46-88C7-0D53AD7DBCBC}.Debug|x86.ActiveCfg = Debug|Win32
		{3B4E41BE-3030-4A46-88C7-0D53AD7DBCBC}.Debug|x86.Build.0 = Debug|Win32
		{3B4E41BE-3030-4A46-88C7-0D53AD7DBCBC}.Release|x64.ActiveCfg = Release|x64
		{3B4E41BE-3030-4A46-88C7-0D53AD7DBCBC}.Release|x64.Build.0 = Release|x64
		{3B4E41BE-3030-4A46-88C7-0D53AD7DBCBC}.Release|x86.ActiveCfg = Release|Win32
		{3B4E41BE-3030-4A46-88C7-0D53AD7DBCBC}.Release|x86.Build.0 = Release|Win32
	EndGlobalSection
	GlobalSection(SolutionProperties) = preSolution
		HideSolutionNode = FALSE
	EndGlobalSection
	GlobalSection(ExtensibilityGlobals) = postSolution
		SolutionGuid = {CF3E3815-60F7-4AC7-90D9-B611295BB4A8}
	EndGlobalSection
EndGlobal
